
Microsoft Visual Studio Solution File, Format Version 12.00
# Visual Studio 15
VisualStudioVersion = 15.0.28307.852
MinimumVisualStudioVersion = 10.0.40219.1
Project("{FAE04EC0-301F-11D3-BF4B-00C04F79EFBC}") = "BlowOutNew", "BlowOutNew\BlowOutNew.csproj", "{D44B7ADC-C434-4EEF-873D-9F113E3829A0}"
EndProject
Global
	GlobalSection(SolutionConfigurationPlatforms) = preSolution
		Debug|Any CPU = Debug|Any CPU
		Release|Any CPU = Release|Any CPU
	EndGlobalSection
	GlobalSection(ProjectConfigurationPlatforms) = postSolution
		{D44B7ADC-C434-4EEF-873D-9F113E3829A0}.Debug|Any CPU.ActiveCfg = Debug|Any CPU
		{D44B7ADC-C434-4EEF-873D-9F113E3829A0}.Debug|Any CPU.Build.0 = Debug|Any CPU
		{D44B7ADC-C434-4EEF-873D-9F113E3829A0}.Release|Any CPU.ActiveCfg = Release|Any CPU
		{D44B7ADC-C434-4EEF-873D-9F113E3829A0}.Release|Any CPU.Build.0 = Release|Any CPU
	EndGlobalSection
	GlobalSection(SolutionProperties) = preSolution
		HideSolutionNode = FALSE
	EndGlobalSection
	GlobalSection(ExtensibilityGlobals) = postSolution
		SolutionGuid = {B5C44FB5-26B8-45F7-B2B1-1D4BA7149513}
	EndGlobalSection
EndGlobal
